
Microsoft Visual Studio Solution File, Format Version 12.00
# Visual Studio Version 17
VisualStudioVersion = 17.14.36623.8
MinimumVisualStudioVersion = 10.0.40219.1
Project("{FAE04EC0-301F-11D3-BF4B-00C04F79EFBC}") = "Lab1_Zad1", "Lab1_Zad1\Lab1_Zad1.csproj", "{B0BFAD9C-4095-4B67-B131-8608A9A66D43}"
EndProject
Global
	GlobalSection(SolutionConfigurationPlatforms) = preSolution
		Debug|Any CPU = Debug|Any CPU
		Release|Any CPU = Release|Any CPU
	EndGlobalSection
	GlobalSection(ProjectConfigurationPlatforms) = postSolution
		{B0BFAD9C-4095-4B67-B131-8608A9A66D43}.Debug|Any CPU.ActiveCfg = Debug|Any CPU
		{B0BFAD9C-4095-4B67-B131-8608A9A66D43}.Debug|Any CPU.Build.0 = Debug|Any CPU
		{B0BFAD9C-4095-4B67-B131-8608A9A66D43}.Release|Any CPU.ActiveCfg = Release|Any CPU
		{B0BFAD9C-4095-4B67-B131-8608A9A66D43}.Release|Any CPU.Build.0 = Release|Any CPU
	EndGlobalSection
	GlobalSection(SolutionProperties) = preSolution
		HideSolutionNode = FALSE
	EndGlobalSection
	GlobalSection(ExtensibilityGlobals) = postSolution
		SolutionGuid = {3539B541-D9E8-46E1-8B9F-BA59CA51BFEC}
	EndGlobalSection
EndGlobal
